
Microsoft Visual Studio Solution File, Format Version 12.00
# Visual Studio Version 16
VisualStudioVersion = 16.0.810.18
MinimumVisualStudioVersion = 10.0.40219.1
Project("{FAE04EC0-301F-11D3-BF4B-00C04F79EFBC}") = "CSharpApi", "CSharpApi\CSharpApi.csproj", "{A80A98AF-3126-42CD-9ECC-F0504682ED39}"
EndProject
Global
	GlobalSection(SolutionConfigurationPlatforms) = preSolution
		Debug|Any CPU = Debug|Any CPU
		Release|Any CPU = Release|Any CPU
	EndGlobalSection
	GlobalSection(ProjectConfigurationPlatforms) = postSolution
		{A80A98AF-3126-42CD-9ECC-F0504682ED39}.Debug|Any CPU.ActiveCfg = Debug|Any CPU
		{A80A98AF-3126-42CD-9ECC-F0504682ED39}.Debug|Any CPU.Build.0 = Debug|Any CPU
		{A80A98AF-3126-42CD-9ECC-F0504682ED39}.Release|Any CPU.ActiveCfg = Release|Any CPU
		{A80A98AF-3126-42CD-9ECC-F0504682ED39}.Release|Any CPU.Build.0 = Release|Any CPU
	EndGlobalSection
	GlobalSection(SolutionProperties) = preSolution
		HideSolutionNode = FALSE
	EndGlobalSection
	GlobalSection(ExtensibilityGlobals) = postSolution
		SolutionGuid = {BC9E299B-4BEB-43A3-9B00-FF6176553BB3}
	EndGlobalSection
EndGlobal
